{
  "name": "lattice",
  "version": "0.0.1",
  "lockfileVersion": 3,
  "requires": true,
  "packages": {
    "": {
      "name": "lattice",
      "version": "0.0.1",
      "workspaces": [
        "packages/*",
        "apps/*"
      ],
      "devDependencies": {
        "@types/node": "^24.0.0",
        "typescript": "^5.9.0"
      },
      "engines": {
        "node": ">=22"
      }
    },
    "apps/cli": {
      "name": "@lattice/cli",
      "version": "0.0.1",
      "dependencies": {
        "@lattice/analytics": "0.0.1",
        "@lattice/mcp": "0.0.1",
        "@lattice/mining": "0.0.1",
        "@lattice/policy": "0.0.1",
        "@lattice/protocol": "0.0.1",
        "@lattice/server": "0.0.1",
        "@lattice/service": "0.0.1"
      },
      "bin": {
        "lattice": "dist/index.js"
      }
    },
    "apps/daemon": {
      "name": "@lattice/daemon",
      "version": "0.0.1",
      "dependencies": {
        "@lattice/server": "0.0.1"
      }
    },
    "node_modules/@lattice/agents": {
      "resolved": "packages/agents",
      "link": true
    },
    "node_modules/@lattice/analytics": {
      "resolved": "packages/analytics",
      "link": true
    },
    "node_modules/@lattice/cli": {
      "resolved": "apps/cli",
      "link": true
    },
    "node_modules/@lattice/core": {
      "resolved": "packages/core",
      "link": true
    },
    "node_modules/@lattice/daemon": {
      "resolved": "apps/daemon",
      "link": true
    },
    "node_modules/@lattice/execution": {
      "resolved": "packages/execution",
      "link": true
    },
    "node_modules/@lattice/ledger": {
      "resolved": "packages/ledger",
      "link": true
    },
    "node_modules/@lattice/mcp": {
      "resolved": "packages/mcp",
      "link": true
    },
    "node_modules/@lattice/mining": {
      "resolved": "packages/mining",
      "link": true
    },
    "node_modules/@lattice/policy": {
      "resolved": "packages/policy",
      "link": true
    },
    "node_modules/@lattice/protocol": {
      "resolved": "packages/protocol",
      "link": true
    },
    "node_modules/@lattice/providers": {
      "resolved": "packages/providers",
      "link": true
    },
    "node_modules/@lattice/runtime": {
      "resolved": "packages/runtime",
      "link": true
    },
    "node_modules/@lattice/sdk": {
      "resolved": "packages/sdk",
      "link": true
    },
    "node_modules/@lattice/search": {
      "resolved": "packages/search",
      "link": true
    },
    "node_modules/@lattice/server": {
      "resolved": "packages/server",
      "link": true
    },
    "node_modules/@lattice/service": {
      "resolved": "packages/service",
      "link": true
    },
    "node_modules/@types/node": {
      "version": "24.19.0",
      "dev": true,
      "license": "MIT",
      "dependencies": {
        "undici-types": ">=7.24.0 <7.24.7"
      }
    },
    "node_modules/typescript": {
      "version": "5.9.3",
      "dev": true,
      "license": "Apache-2.0",
      "bin": {
        "tsc": "bin/tsc",
        "tsserver": "bin/tsserver"
      },
      "engines": {
        "node": ">=14.17"
      }
    },
    "node_modules/undici-types": {
      "version": "7.24.6",
      "dev": true,
      "license": "MIT"
    },
    "packages/agents": {
      "name": "@lattice/agents",
      "version": "0.0.1",
      "dependencies": {
        "@lattice/execution": "0.0.1",
        "@lattice/protocol": "0.0.1",
        "@lattice/search": "0.0.1"
      }
    },
    "packages/analytics": {
      "name": "@lattice/analytics",
      "version": "0.0.1",
      "dependencies": {
        "@lattice/ledger": "0.0.1",
        "@lattice/protocol": "0.0.1"
      }
    },
    "packages/core": {
      "name": "@lattice/core",
      "version": "0.0.1",
      "dependencies": {
        "@lattice/execution": "0.0.1",
        "@lattice/protocol": "0.0.1",
        "@lattice/search": "0.0.1"
      }
    },
    "packages/execution": {
      "name": "@lattice/execution",
      "version": "0.0.1"
    },
    "packages/ledger": {
      "name": "@lattice/ledger",
      "version": "0.0.1",
      "dependencies": {
        "@lattice/protocol": "0.0.1"
      }
    },
    "packages/mcp": {
      "name": "@lattice/mcp",
      "version": "0.0.1",
      "dependencies": {
        "@lattice/protocol": "0.0.1",
        "@lattice/service": "0.0.1"
      }
    },
    "packages/mining": {
      "name": "@lattice/mining",
      "version": "0.0.1",
      "dependencies": {
        "@lattice/ledger": "0.0.1"
      }
    },
    "packages/policy": {
      "name": "@lattice/policy",
      "version": "0.0.1",
      "dependencies": {
        "@lattice/ledger": "0.0.1"
      }
    },
    "packages/protocol": {
      "name": "@lattice/protocol",
      "version": "0.0.1"
    },
    "packages/providers": {
      "name": "@lattice/providers",
      "version": "0.0.1",
      "dependencies": {
        "@lattice/protocol": "0.0.1"
      }
    },
    "packages/runtime": {
      "name": "@lattice/runtime",
      "version": "0.0.1",
      "dependencies": {
        "@lattice/agents": "0.0.1",
        "@lattice/core": "0.0.1",
        "@lattice/providers": "0.0.1"
      }
    },
    "packages/sdk": {
      "name": "@lattice/sdk",
      "version": "0.0.1",
      "dependencies": {
        "@lattice/protocol": "0.0.1"
      }
    },
    "packages/search": {
      "name": "@lattice/search",
      "version": "0.0.1",
      "dependencies": {
        "@lattice/protocol": "0.0.1"
      }
    },
    "packages/server": {
      "name": "@lattice/server",
      "version": "0.0.1",
      "dependencies": {
        "@lattice/protocol": "0.0.1",
        "@lattice/service": "0.0.1"
      },
      "devDependencies": {
        "@lattice/sdk": "0.0.1"
      }
    },
    "packages/service": {
      "name": "@lattice/service",
      "version": "0.0.1",
      "dependencies": {
        "@lattice/analytics": "0.0.1",
        "@lattice/core": "0.0.1",
        "@lattice/execution": "0.0.1",
        "@lattice/protocol": "0.0.1",
        "@lattice/providers": "0.0.1",
        "@lattice/runtime": "0.0.1",
        "@lattice/search": "0.0.1"
      }
    }
  }
}
